
Microsoft Visual Studio Solution File, Format Version 12.00
# Visual Studio Version 16
VisualStudioVersion = 16.0.29613.14
MinimumVisualStudioVersion = 10.0.40219.1
Project("{9A19103F-16F7-4668-BE54-9A1E7A4F7556}") = "TaxCalculator", "TaxCalculator\TaxCalculator.csproj", "{18541B01-4F6C-435F-A9B7-5F47AAC467AF}"
EndProject
Project("{FAE04EC0-301F-11D3-BF4B-00C04F79EFBC}") = "TaxCalculatorTests", "TaxCalculatorTests\TaxCalculatorTests.csproj", "{43F90155-BC9A-403A-8672-6A46E350987C}"
EndProject
Global
	GlobalSection(SolutionConfigurationPlatforms) = preSolution
		Debug|Any CPU = Debug|Any CPU
		Release|Any CPU = Release|Any CPU
	EndGlobalSection
	GlobalSection(ProjectConfigurationPlatforms) = postSolution
		{18541B01-4F6C-435F-A9B7-5F47AAC467AF}.Debug|Any CPU.ActiveCfg = Debug|Any CPU
		{18541B01-4F6C-435F-A9B7-5F47AAC467AF}.Debug|Any CPU.Build.0 = Debug|Any CPU
		{18541B01-4F6C-435F-A9B7-5F47AAC467AF}.Release|Any CPU.ActiveCfg = Release|Any CPU
		{18541B01-4F6C-435F-A9B7-5F47AAC467AF}.Release|Any CPU.Build.0 = Release|Any CPU
		{43F90155-BC9A-403A-8672-6A46E350987C}.Debug|Any CPU.ActiveCfg = Debug|Any CPU
		{43F90155-BC9A-403A-8672-6A46E350987C}.Debug|Any CPU.Build.0 = Debug|Any CPU
		{43F90155-BC9A-403A-8672-6A46E350987C}.Release|Any CPU.ActiveCfg = Release|Any CPU
		{43F90155-BC9A-403A-8672-6A46E350987C}.Release|Any CPU.Build.0 = Release|Any CPU
	EndGlobalSection
	GlobalSection(SolutionProperties) = preSolution
		HideSolutionNode = FALSE
	EndGlobalSection
	GlobalSection(ExtensibilityGlobals) = postSolution
		SolutionGuid = {4515757C-55F2-4EDD-9269-3814D3B70169}
	EndGlobalSection
EndGlobal
